
Microsoft Visual Studio Solution File, Format Version 12.00
# Visual Studio 2013
VisualStudioVersion = 12.0.40629.0
MinimumVisualStudioVersion = 10.0.40219.1
Project("{FAE04EC0-301F-11D3-BF4B-00C04F79EFBC}") = "CSPN.BLL", "CSPN.BLL\CSPN.BLL.csproj", "{9AAC1FBB-32A4-4C9D-ADC6-994842F7FE07}"
	ProjectSection(ProjectDependencies) = postProject
		{131B2704-97DA-48AC-8756-20C98CD0881F} = {131B2704-97DA-48AC-8756-20C98CD0881F}
		{9D14A118-1EAB-4C4A-BF6A-34AF27D4F624} = {9D14A118-1EAB-4C4A-BF6A-34AF27D4F624}
		{7D3AE56A-DD44-49DE-9E0E-6A48D7776740} = {7D3AE56A-DD44-49DE-9E0E-6A48D7776740}
		{C83644F0-F71C-4C19-8D8E-81619DFB8675} = {C83644F0-F71C-4C19-8D8E-81619DFB8675}
	EndProjectSection
EndProject
Project("{FAE04EC0-301F-11D3-BF4B-00C04F79EFBC}") = "CSPN.DAL", "CSPN.DAL\CSPN.DAL.csproj", "{C0B55F03-7207-4386-8144-F5E8C695DE61}"
EndProject
Project("{FAE04EC0-301F-11D3-BF4B-00C04F79EFBC}") = "CSPN.Factory", "CSPN.Factory\CSPN.Factory.csproj", "{7D3AE56A-DD44-49DE-9E0E-6A48D7776740}"
EndProject
Project("{FAE04EC0-301F-11D3-BF4B-00C04F79EFBC}") = "CSPN.IBLL", "CSPN.IBLL\CSPN.IBLL.csproj", "{131B2704-97DA-48AC-8756-20C98CD0881F}"
EndProject
Project("{FAE04EC0-301F-11D3-BF4B-00C04F79EFBC}") = "CSPN.IDAL", "CSPN.IDAL\CSPN.IDAL.csproj", "{9D14A118-1EAB-4C4A-BF6A-34AF27D4F624}"
EndProject
Project("{FAE04EC0-301F-11D3-BF4B-00C04F79EFBC}") = "CSPN.Model", "CSPN.Model\CSPN.Model.csproj", "{C83644F0-F71C-4C19-8D8E-81619DFB8675}"
EndProject
Project("{FAE04EC0-301F-11D3-BF4B-00C04F79EFBC}") = "CSPN", "CSPN\CSPN.csproj", "{8A88E2F9-FD85-4CB2-BBA0-7B03C5A1BC71}"
	ProjectSection(ProjectDependencies) = postProject
		{C0B55F03-7207-4386-8144-F5E8C695DE61} = {C0B55F03-7207-4386-8144-F5E8C695DE61}
		{131B2704-97DA-48AC-8756-20C98CD0881F} = {131B2704-97DA-48AC-8756-20C98CD0881F}
		{9D14A118-1EAB-4C4A-BF6A-34AF27D4F624} = {9D14A118-1EAB-4C4A-BF6A-34AF27D4F624}
		{7D3AE56A-DD44-49DE-9E0E-6A48D7776740} = {7D3AE56A-DD44-49DE-9E0E-6A48D7776740}
		{9AAC1FBB-32A4-4C9D-ADC6-994842F7FE07} = {9AAC1FBB-32A4-4C9D-ADC6-994842F7FE07}
		{C83644F0-F71C-4C19-8D8E-81619DFB8675} = {C83644F0-F71C-4C19-8D8E-81619DFB8675}
	EndProjectSection
EndProject
Global
	GlobalSection(SolutionConfigurationPlatforms) = preSolution
		Debug|x86 = Debug|x86
		Release|x86 = Release|x86
	EndGlobalSection
	GlobalSection(ProjectConfigurationPlatforms) = postSolution
		{9AAC1FBB-32A4-4C9D-ADC6-994842F7FE07}.Debug|x86.ActiveCfg = Debug|x86
		{9AAC1FBB-32A4-4C9D-ADC6-994842F7FE07}.Debug|x86.Build.0 = Debug|x86
		{9AAC1FBB-32A4-4C9D-ADC6-994842F7FE07}.Release|x86.ActiveCfg = Release|x86
		{9AAC1FBB-32A4-4C9D-ADC6-994842F7FE07}.Release|x86.Build.0 = Release|x86
		{C0B55F03-7207-4386-8144-F5E8C695DE61}.Debug|x86.ActiveCfg = Debug|x86
		{C0B55F03-7207-4386-8144-F5E8C695DE61}.Debug|x86.Build.0 = Debug|x86
		{C0B55F03-7207-4386-8144-F5E8C695DE61}.Release|x86.ActiveCfg = Release|x86
		{C0B55F03-7207-4386-8144-F5E8C695DE61}.Release|x86.Build.0 = Release|x86
		{7D3AE56A-DD44-49DE-9E0E-6A48D7776740}.Debug|x86.ActiveCfg = Debug|x86
		{7D3AE56A-DD44-49DE-9E0E-6A48D7776740}.Debug|x86.Build.0 = Debug|x86
		{7D3AE56A-DD44-49DE-9E0E-6A48D7776740}.Release|x86.ActiveCfg = Release|x86
		{7D3AE56A-DD44-49DE-9E0E-6A48D7776740}.Release|x86.Build.0 = Release|x86
		{131B2704-97DA-48AC-8756-20C98CD0881F}.Debug|x86.ActiveCfg = Debug|x86
		{131B2704-97DA-48AC-8756-20C98CD0881F}.Debug|x86.Build.0 = Debug|x86
		{131B2704-97DA-48AC-8756-20C98CD0881F}.Release|x86.ActiveCfg = Release|x86
		{131B2704-97DA-48AC-8756-20C98CD0881F}.Release|x86.Build.0 = Release|x86
		{9D14A118-1EAB-4C4A-BF6A-34AF27D4F624}.Debug|x86.ActiveCfg = Debug|x86
		{9D14A118-1EAB-4C4A-BF6A-34AF27D4F624}.Debug|x86.Build.0 = Debug|x86
		{9D14A118-1EAB-4C4A-BF6A-34AF27D4F624}.Release|x86.ActiveCfg = Release|x86
		{9D14A118-1EAB-4C4A-BF6A-34AF27D4F624}.Release|x86.Build.0 = Release|x86
		{C83644F0-F71C-4C19-8D8E-81619DFB8675}.Debug|x86.ActiveCfg = Debug|x86
		{C83644F0-F71C-4C19-8D8E-81619DFB8675}.Debug|x86.Build.0 = Debug|x86
		{C83644F0-F71C-4C19-8D8E-81619DFB8675}.Release|x86.ActiveCfg = Release|x86
		{C83644F0-F71C-4C19-8D8E-81619DFB8675}.Release|x86.Build.0 = Release|x86
		{8A88E2F9-FD85-4CB2-BBA0-7B03C5A1BC71}.Debug|x86.ActiveCfg = Debug|x86
		{8A88E2F9-FD85-4CB2-BBA0-7B03C5A1BC71}.Debug|x86.Build.0 = Debug|x86
		{8A88E2F9-FD85-4CB2-BBA0-7B03C5A1BC71}.Release|x86.ActiveCfg = Release|x86
		{8A88E2F9-FD85-4CB2-BBA0-7B03C5A1BC71}.Release|x86.Build.0 = Release|x86
	EndGlobalSection
	GlobalSection(SolutionProperties) = preSolution
		HideSolutionNode = FALSE
	EndGlobalSection
EndGlobal
